
Microsoft Visual Studio Solution File, Format Version 12.00
# Visual Studio Version 17
VisualStudioVersion = 17.11.35222.181
MinimumVisualStudioVersion = 10.0.40219.1
Project("{FAE04EC0-301F-11D3-BF4B-00C04F79EFBC}") = "ConsoleApp1", "ConsoleApp1\ConsoleApp1.csproj", "{51265F27-3CA4-45ED-8386-8CAC3F5336DD}"
EndProject
Global
	GlobalSection(SolutionConfigurationPlatforms) = preSolution
		Debug|Any CPU = Debug|Any CPU
		Release|Any CPU = Release|Any CPU
	EndGlobalSection
	GlobalSection(ProjectConfigurationPlatforms) = postSolution
		{51265F27-3CA4-45ED-8386-8CAC3F5336DD}.Debug|Any CPU.ActiveCfg = Debug|Any CPU
		{51265F27-3CA4-45ED-8386-8CAC3F5336DD}.Debug|Any CPU.Build.0 = Debug|Any CPU
		{51265F27-3CA4-45ED-8386-8CAC3F5336DD}.Release|Any CPU.ActiveCfg = Release|Any CPU
		{51265F27-3CA4-45ED-8386-8CAC3F5336DD}.Release|Any CPU.Build.0 = Release|Any CPU
	EndGlobalSection
	GlobalSection(SolutionProperties) = preSolution
		HideSolutionNode = FALSE
	EndGlobalSection
	GlobalSection(ExtensibilityGlobals) = postSolution
		SolutionGuid = {0570542F-EA18-42E3-B0FA-7753D94644FB}
	EndGlobalSection
EndGlobal
