
Microsoft Visual Studio Solution File, Format Version 12.00
# Visual Studio Version 17
VisualStudioVersion = 17.11.35222.181
MinimumVisualStudioVersion = 10.0.40219.1
Project("{FAE04EC0-301F-11D3-BF4B-00C04F79EFBC}") = "ConsoleApp1", "ConsoleApp1\ConsoleApp1.csproj", "{AB72A8EC-8992-4416-8D30-09E9D50A4308}"
EndProject
Global
	GlobalSection(SolutionConfigurationPlatforms) = preSolution
		Debug|Any CPU = Debug|Any CPU
		Release|Any CPU = Release|Any CPU
	EndGlobalSection
	GlobalSection(ProjectConfigurationPlatforms) = postSolution
		{AB72A8EC-8992-4416-8D30-09E9D50A4308}.Debug|Any CPU.ActiveCfg = Debug|Any CPU
		{AB72A8EC-8992-4416-8D30-09E9D50A4308}.Debug|Any CPU.Build.0 = Debug|Any CPU
		{AB72A8EC-8992-4416-8D30-09E9D50A4308}.Release|Any CPU.ActiveCfg = Release|Any CPU
		{AB72A8EC-8992-4416-8D30-09E9D50A4308}.Release|Any CPU.Build.0 = Release|Any CPU
	EndGlobalSection
	GlobalSection(SolutionProperties) = preSolution
		HideSolutionNode = FALSE
	EndGlobalSection
	GlobalSection(ExtensibilityGlobals) = postSolution
		SolutionGuid = {3839BAD8-CBB9-4E1B-835F-0A90DBBF5A41}
	EndGlobalSection
EndGlobal
